
Microsoft Visual Studio Solution File, Format Version 12.00
Project("{FAE04EC0-301F-11D3-BF4B-00C04F79EFBC}") = "HackerRank", "HackerRank.csproj", "{4CB73C59-E07D-4B51-A0DA-9417842F757B}"
EndProject
Global
	GlobalSection(SolutionConfigurationPlatforms) = preSolution
		Debug|Any CPU = Debug|Any CPU
		Release|Any CPU = Release|Any CPU
	EndGlobalSection
	GlobalSection(ProjectConfigurationPlatforms) = postSolution
		{4CB73C59-E07D-4B51-A0DA-9417842F757B}.Debug|Any CPU.ActiveCfg = Debug|Any CPU
		{4CB73C59-E07D-4B51-A0DA-9417842F757B}.Debug|Any CPU.Build.0 = Debug|Any CPU
		{4CB73C59-E07D-4B51-A0DA-9417842F757B}.Release|Any CPU.ActiveCfg = Release|Any CPU
		{4CB73C59-E07D-4B51-A0DA-9417842F757B}.Release|Any CPU.Build.0 = Release|Any CPU
	EndGlobalSection
EndGlobal
